
Microsoft Visual Studio Solution File, Format Version 12.00
# Visual Studio Version 16
VisualStudioVersion = 16.0.29409.12
MinimumVisualStudioVersion = 10.0.40219.1
Project("{FAE04EC0-301F-11D3-BF4B-00C04F79EFBC}") = "ESPComm", "ESPComm\ESPComm.csproj", "{F59E7259-4A3D-45C9-BBEB-48B9C0401EFD}"
EndProject
Global
	GlobalSection(SolutionConfigurationPlatforms) = preSolution
		Debug|Any CPU = Debug|Any CPU
		Release|Any CPU = Release|Any CPU
	EndGlobalSection
	GlobalSection(ProjectConfigurationPlatforms) = postSolution
		{F59E7259-4A3D-45C9-BBEB-48B9C0401EFD}.Debug|Any CPU.ActiveCfg = Debug|Any CPU
		{F59E7259-4A3D-45C9-BBEB-48B9C0401EFD}.Debug|Any CPU.Build.0 = Debug|Any CPU
		{F59E7259-4A3D-45C9-BBEB-48B9C0401EFD}.Release|Any CPU.ActiveCfg = Release|Any CPU
		{F59E7259-4A3D-45C9-BBEB-48B9C0401EFD}.Release|Any CPU.Build.0 = Release|Any CPU
	EndGlobalSection
	GlobalSection(SolutionProperties) = preSolution
		HideSolutionNode = FALSE
	EndGlobalSection
	GlobalSection(ExtensibilityGlobals) = postSolution
		SolutionGuid = {F0880A5B-5F07-402E-BC83-2574EB28D78F}
	EndGlobalSection
EndGlobal
